
Microsoft Visual Studio Solution File, Format Version 12.00
# Visual Studio Version 17
VisualStudioVersion = 17.2.32602.215
MinimumVisualStudioVersion = 10.0.40219.1
Project("{9A19103F-16F7-4668-BE54-9A1E7A4F7556}") = "XaiSharp", "XaiSharp\XaiSharp.csproj", "{78A0B881-7815-4CF0-885D-B9DF58E656BB}"
EndProject
Project("{2150E333-8FDC-42A3-9474-1A3956D46DE8}") = "Solution Items", "Solution Items", "{2124272F-9410-4E1B-9CA2-5598A65F3FC5}"
	ProjectSection(SolutionItems) = preProject
		.editorconfig = .editorconfig
	EndProjectSection
EndProject
Global
	GlobalSection(SolutionConfigurationPlatforms) = preSolution
		Debug|Any CPU = Debug|Any CPU
		Release|Any CPU = Release|Any CPU
	EndGlobalSection
	GlobalSection(ProjectConfigurationPlatforms) = postSolution
		{78A0B881-7815-4CF0-885D-B9DF58E656BB}.Debug|Any CPU.ActiveCfg = Debug|Any CPU
		{78A0B881-7815-4CF0-885D-B9DF58E656BB}.Debug|Any CPU.Build.0 = Debug|Any CPU
		{78A0B881-7815-4CF0-885D-B9DF58E656BB}.Release|Any CPU.ActiveCfg = Release|Any CPU
		{78A0B881-7815-4CF0-885D-B9DF58E656BB}.Release|Any CPU.Build.0 = Release|Any CPU
	EndGlobalSection
	GlobalSection(SolutionProperties) = preSolution
		HideSolutionNode = FALSE
	EndGlobalSection
	GlobalSection(ExtensibilityGlobals) = postSolution
		SolutionGuid = {F3161EBD-8D48-43F8-8C03-46DC00A9EBBC}
	EndGlobalSection
EndGlobal
